
Microsoft Visual Studio Solution File, Format Version 12.00
# Visual Studio Version 17
VisualStudioVersion = 17.6.33723.286
MinimumVisualStudioVersion = 10.0.40219.1
Project("{FAE04EC0-301F-11D3-BF4B-00C04F79EFBC}") = "LR13", "LR13\LR13.csproj", "{B66FD212-99F7-488C-8126-B17EAD98B95A}"
EndProject
Global
	GlobalSection(SolutionConfigurationPlatforms) = preSolution
		Debug|Any CPU = Debug|Any CPU
		Release|Any CPU = Release|Any CPU
	EndGlobalSection
	GlobalSection(ProjectConfigurationPlatforms) = postSolution
		{B66FD212-99F7-488C-8126-B17EAD98B95A}.Debug|Any CPU.ActiveCfg = Debug|Any CPU
		{B66FD212-99F7-488C-8126-B17EAD98B95A}.Debug|Any CPU.Build.0 = Debug|Any CPU
		{B66FD212-99F7-488C-8126-B17EAD98B95A}.Release|Any CPU.ActiveCfg = Release|Any CPU
		{B66FD212-99F7-488C-8126-B17EAD98B95A}.Release|Any CPU.Build.0 = Release|Any CPU
	EndGlobalSection
	GlobalSection(SolutionProperties) = preSolution
		HideSolutionNode = FALSE
	EndGlobalSection
	GlobalSection(ExtensibilityGlobals) = postSolution
		SolutionGuid = {B617F230-3E96-442C-A278-11610FCA02F0}
	EndGlobalSection
EndGlobal
