
Microsoft Visual Studio Solution File, Format Version 12.00
# Visual Studio Version 16
VisualStudioVersion = 16.0.33328.57
MinimumVisualStudioVersion = 10.0.40219.1
Project("{FAE04EC0-301F-11D3-BF4B-00C04F79EFBC}") = "task1", "task1\task1.csproj", "{50E549AA-2786-4F38-AAE6-27EA03A37824}"
EndProject
Global
	GlobalSection(SolutionConfigurationPlatforms) = preSolution
		Debug|Any CPU = Debug|Any CPU
		Release|Any CPU = Release|Any CPU
	EndGlobalSection
	GlobalSection(ProjectConfigurationPlatforms) = postSolution
		{50E549AA-2786-4F38-AAE6-27EA03A37824}.Debug|Any CPU.ActiveCfg = Debug|Any CPU
		{50E549AA-2786-4F38-AAE6-27EA03A37824}.Debug|Any CPU.Build.0 = Debug|Any CPU
		{50E549AA-2786-4F38-AAE6-27EA03A37824}.Release|Any CPU.ActiveCfg = Release|Any CPU
		{50E549AA-2786-4F38-AAE6-27EA03A37824}.Release|Any CPU.Build.0 = Release|Any CPU
	EndGlobalSection
	GlobalSection(SolutionProperties) = preSolution
		HideSolutionNode = FALSE
	EndGlobalSection
	GlobalSection(ExtensibilityGlobals) = postSolution
		SolutionGuid = {64D2896E-6E8B-4773-AB5B-C0DA8C3CA0E2}
	EndGlobalSection
EndGlobal
